
Microsoft Visual Studio Solution File, Format Version 11.00
# Visual Studio 2010
Project("{8BC9CEB8-8B4A-11D0-8D11-00A0C91BC942}") = "QuickSort", "QuickSort\QuickSort.vcxproj", "{6A750001-7D22-49A4-B2E4-CC0656182FEC}"
EndProject
Project("{8BC9CEB8-8B4A-11D0-8D11-00A0C91BC942}") = "BinarySearch", "BinarySearch\BinarySearch.vcxproj", "{9B74483A-A44C-4228-AF07-010E0A0BFBC1}"
EndProject
Project("{8BC9CEB8-8B4A-11D0-8D11-00A0C91BC942}") = "InsertSort", "InsertSort\InsertSort.vcxproj", "{6CC499D2-2E83-47F2-9A7F-3E26765B2027}"
EndProject
Project("{8BC9CEB8-8B4A-11D0-8D11-00A0C91BC942}") = "BubbleSort", "BubbleSort\BubbleSort.vcxproj", "{DF80112D-79CF-4061-AB4C-037E4F61F0AE}"
EndProject
Project("{8BC9CEB8-8B4A-11D0-8D11-00A0C91BC942}") = "SelectSort", "SelectSort\SelectSort.vcxproj", "{38ABAF4E-2732-4A0D-B064-F32C736C3974}"
EndProject
Project("{8BC9CEB8-8B4A-11D0-8D11-00A0C91BC942}") = "ShellSort", "ShellSort\ShellSort.vcxproj", "{0E96E629-94D9-405E-9A8D-BC573582705C}"
EndProject
Project("{8BC9CEB8-8B4A-11D0-8D11-00A0C91BC942}") = "MergeSort", "MergeSort\MergeSort.vcxproj", "{CBC2F8A1-3049-415D-8E8D-0AE3974ADB3B}"
EndProject
Project("{8BC9CEB8-8B4A-11D0-8D11-00A0C91BC942}") = "HeapSort", "HeapSort\HeapSort.vcxproj", "{7AA7D5E9-CDFD-410A-8061-A721F232A8D9}"
EndProject
Project("{8BC9CEB8-8B4A-11D0-8D11-00A0C91BC942}") = "AgeSort", "AgeSort\AgeSort.vcxproj", "{A6FFE1CC-48AD-4B8E-827B-E0EF7C7582D2}"
EndProject
Global
	GlobalSection(SolutionConfigurationPlatforms) = preSolution
		Debug|Win32 = Debug|Win32
		Release|Win32 = Release|Win32
	EndGlobalSection
	GlobalSection(ProjectConfigurationPlatforms) = postSolution
		{6A750001-7D22-49A4-B2E4-CC0656182FEC}.Debug|Win32.ActiveCfg = Debug|Win32
		{6A750001-7D22-49A4-B2E4-CC0656182FEC}.Debug|Win32.Build.0 = Debug|Win32
		{6A750001-7D22-49A4-B2E4-CC0656182FEC}.Release|Win32.ActiveCfg = Release|Win32
		{6A750001-7D22-49A4-B2E4-CC0656182FEC}.Release|Win32.Build.0 = Release|Win32
		{9B74483A-A44C-4228-AF07-010E0A0BFBC1}.Debug|Win32.ActiveCfg = Debug|Win32
		{9B74483A-A44C-4228-AF07-010E0A0BFBC1}.Debug|Win32.Build.0 = Debug|Win32
		{9B74483A-A44C-4228-AF07-010E0A0BFBC1}.Release|Win32.ActiveCfg = Release|Win32
		{9B74483A-A44C-4228-AF07-010E0A0BFBC1}.Release|Win32.Build.0 = Release|Win32
		{6CC499D2-2E83-47F2-9A7F-3E26765B2027}.Debug|Win32.ActiveCfg = Debug|Win32
		{6CC499D2-2E83-47F2-9A7F-3E26765B2027}.Debug|Win32.Build.0 = Debug|Win32
		{6CC499D2-2E83-47F2-9A7F-3E26765B2027}.Release|Win32.ActiveCfg = Release|Win32
		{6CC499D2-2E83-47F2-9A7F-3E26765B2027}.Release|Win32.Build.0 = Release|Win32
		{DF80112D-79CF-4061-AB4C-037E4F61F0AE}.Debug|Win32.ActiveCfg = Debug|Win32
		{DF80112D-79CF-4061-AB4C-037E4F61F0AE}.Debug|Win32.Build.0 = Debug|Win32
		{DF80112D-79CF-4061-AB4C-037E4F61F0AE}.Release|Win32.ActiveCfg = Release|Win32
		{DF80112D-79CF-4061-AB4C-037E4F61F0AE}.Release|Win32.Build.0 = Release|Win32
		{38ABAF4E-2732-4A0D-B064-F32C736C3974}.Debug|Win32.ActiveCfg = Debug|Win32
		{38ABAF4E-2732-4A0D-B064-F32C736C3974}.Debug|Win32.Build.0 = Debug|Win32
		{38ABAF4E-2732-4A0D-B064-F32C736C3974}.Release|Win32.ActiveCfg = Release|Win32
		{38ABAF4E-2732-4A0D-B064-F32C736C3974}.Release|Win32.Build.0 = Release|Win32
		{0E96E629-94D9-405E-9A8D-BC573582705C}.Debug|Win32.ActiveCfg = Debug|Win32
		{0E96E629-94D9-405E-9A8D-BC573582705C}.Debug|Win32.Build.0 = Debug|Win32
		{0E96E629-94D9-405E-9A8D-BC573582705C}.Release|Win32.ActiveCfg = Release|Win32
		{0E96E629-94D9-405E-9A8D-BC573582705C}.Release|Win32.Build.0 = Release|Win32
		{CBC2F8A1-3049-415D-8E8D-0AE3974ADB3B}.Debug|Win32.ActiveCfg = Debug|Win32
		{CBC2F8A1-3049-415D-8E8D-0AE3974ADB3B}.Debug|Win32.Build.0 = Debug|Win32
		{CBC2F8A1-3049-415D-8E8D-0AE3974ADB3B}.Release|Win32.ActiveCfg = Release|Win32
		{CBC2F8A1-3049-415D-8E8D-0AE3974ADB3B}.Release|Win32.Build.0 = Release|Win32
		{7AA7D5E9-CDFD-410A-8061-A721F232A8D9}.Debug|Win32.ActiveCfg = Debug|Win32
		{7AA7D5E9-CDFD-410A-8061-A721F232A8D9}.Debug|Win32.Build.0 = Debug|Win32
		{7AA7D5E9-CDFD-410A-8061-A721F232A8D9}.Release|Win32.ActiveCfg = Release|Win32
		{7AA7D5E9-CDFD-410A-8061-A721F232A8D9}.Release|Win32.Build.0 = Release|Win32
		{A6FFE1CC-48AD-4B8E-827B-E0EF7C7582D2}.Debug|Win32.ActiveCfg = Debug|Win32
		{A6FFE1CC-48AD-4B8E-827B-E0EF7C7582D2}.Debug|Win32.Build.0 = Debug|Win32
		{A6FFE1CC-48AD-4B8E-827B-E0EF7C7582D2}.Release|Win32.ActiveCfg = Release|Win32
		{A6FFE1CC-48AD-4B8E-827B-E0EF7C7582D2}.Release|Win32.Build.0 = Release|Win32
	EndGlobalSection
	GlobalSection(SolutionProperties) = preSolution
		HideSolutionNode = FALSE
	EndGlobalSection
EndGlobal
